
Microsoft Visual Studio Solution File, Format Version 12.00
# Visual Studio 15
Project("{FAE04EC0-301F-11D3-BF4B-00C04F79EFBC}") = "UnityEngine.TestRunner", "UnityEngine.TestRunner.csproj", "{759B9272-D645-384D-68A3-EED59E49B152}"
EndProject
Project("{FAE04EC0-301F-11D3-BF4B-00C04F79EFBC}") = "Unity.Mathematics", "Unity.Mathematics.csproj", "{2CBC0CC6-F4E9-7348-FAB9-AC45F126061B}"
EndProject
Project("{FAE04EC0-301F-11D3-BF4B-00C04F79EFBC}") = "Unity.VisualScripting.State", "Unity.VisualScripting.State.csproj", "{6E7A7BEF-9AC4-D140-0D5E-EAB7B9853E70}"
EndProject
Project("{FAE04EC0-301F-11D3-BF4B-00C04F79EFBC}") = "Unity.VisualScripting.Core", "Unity.VisualScripting.Core.csproj", "{DB499A7B-A33C-30AD-2F6E-7A583E9D37C5}"
EndProject
Project("{FAE04EC0-301F-11D3-BF4B-00C04F79EFBC}") = "Assembly-CSharp", "Assembly-CSharp.csproj", "{B28D490F-C8FB-DC27-4518-4897919B415D}"
EndProject
Project("{FAE04EC0-301F-11D3-BF4B-00C04F79EFBC}") = "Unity.VisualScripting.Flow", "Unity.VisualScripting.Flow.csproj", "{C66F3462-8144-250C-6A30-6620F81CAEE9}"
EndProject
Project("{FAE04EC0-301F-11D3-BF4B-00C04F79EFBC}") = "Unity.TextMeshPro", "Unity.TextMeshPro.csproj", "{7924BE76-BFEC-43BA-7FDF-58CA71A2A109}"
EndProject
Project("{FAE04EC0-301F-11D3-BF4B-00C04F79EFBC}") = "Unity.Timeline", "Unity.Timeline.csproj", "{1BD4917D-F883-51D2-707E-8607034E879F}"
EndProject
Project("{FAE04EC0-301F-11D3-BF4B-00C04F79EFBC}") = "Unity.PlasticSCM.Editor", "Unity.PlasticSCM.Editor.csproj", "{D4D31019-60CD-8466-1757-FE26D703D57B}"
EndProject
Project("{FAE04EC0-301F-11D3-BF4B-00C04F79EFBC}") = "Unity.VisualScripting.Core.Editor", "Unity.VisualScripting.Core.Editor.csproj", "{F7A215CD-0674-67FB-493D-889E8A6F9F0C}"
EndProject
Project("{FAE04EC0-301F-11D3-BF4B-00C04F79EFBC}") = "Unity.VisualStudio.Editor", "Unity.VisualStudio.Editor.csproj", "{060D6458-4436-8C1F-47A2-4ABC848EB658}"
EndProject
Project("{FAE04EC0-301F-11D3-BF4B-00C04F79EFBC}") = "Unity.Timeline.Editor", "Unity.Timeline.Editor.csproj", "{3D74F5D4-1E52-4798-CB12-4381131EB9E8}"
EndProject
Project("{FAE04EC0-301F-11D3-BF4B-00C04F79EFBC}") = "Unity.VisualScripting.State.Editor", "Unity.VisualScripting.State.Editor.csproj", "{0E9FCB93-909A-9EC2-A252-237A5BDF514E}"
EndProject
Project("{FAE04EC0-301F-11D3-BF4B-00C04F79EFBC}") = "Unity.TextMeshPro.Editor", "Unity.TextMeshPro.Editor.csproj", "{B2040A88-76DB-A1F4-D044-3C5B2FED4E44}"
EndProject
Project("{FAE04EC0-301F-11D3-BF4B-00C04F79EFBC}") = "VSSettingsProvider", "VSSettingsProvider.csproj", "{F4E9EF22-854D-83C2-6E89-05D83E147845}"
EndProject
Project("{FAE04EC0-301F-11D3-BF4B-00C04F79EFBC}") = "Unity.CollabProxy.Editor", "Unity.CollabProxy.Editor.csproj", "{650505BC-86AB-3E34-2D88-CBE4E7351094}"
EndProject
Project("{FAE04EC0-301F-11D3-BF4B-00C04F79EFBC}") = "UnityEditor.TestRunner", "UnityEditor.TestRunner.csproj", "{1E7711DF-FF86-54D8-F173-BC7370943C04}"
EndProject
Project("{FAE04EC0-301F-11D3-BF4B-00C04F79EFBC}") = "Unity.VisualScripting.Flow.Editor", "Unity.VisualScripting.Flow.Editor.csproj", "{3C37A9EB-3765-EC60-A31D-0EC0BB0274D1}"
EndProject
Project("{FAE04EC0-301F-11D3-BF4B-00C04F79EFBC}") = "Unity.Rider.Editor", "Unity.Rider.Editor.csproj", "{731F8A79-D936-C563-A1C7-490A7C8C6FBF}"
EndProject
Project("{FAE04EC0-301F-11D3-BF4B-00C04F79EFBC}") = "Unity.Searcher.Editor", "Unity.Searcher.Editor.csproj", "{6DB50C23-5569-F2BC-C5FC-6CEA87994E91}"
EndProject
Project("{FAE04EC0-301F-11D3-BF4B-00C04F79EFBC}") = "Unity.VSCode.Editor", "Unity.VSCode.Editor.csproj", "{32D2D666-184C-E98C-B66B-849331F2DBEB}"
EndProject
Project("{FAE04EC0-301F-11D3-BF4B-00C04F79EFBC}") = "Unity.Mathematics.Editor", "Unity.Mathematics.Editor.csproj", "{879CAA25-9FBC-8295-99D4-B2EFAF11858E}"
EndProject
Project("{FAE04EC0-301F-11D3-BF4B-00C04F79EFBC}") = "UnityEngine.TestRunner", "UnityEngine.TestRunner.Player.csproj", "{EE4E90FD-8261-5A7A-EF19-DBBD9F6B4DF7}"
EndProject
Project("{FAE04EC0-301F-11D3-BF4B-00C04F79EFBC}") = "Unity.Mathematics", "Unity.Mathematics.Player.csproj", "{F23F30FA-AD13-D396-59DD-79E65357FC74}"
EndProject
Project("{FAE04EC0-301F-11D3-BF4B-00C04F79EFBC}") = "Unity.VisualScripting.State", "Unity.VisualScripting.State.Player.csproj", "{2B6D24F3-1128-778B-C194-02A197124E93}"
EndProject
Project("{FAE04EC0-301F-11D3-BF4B-00C04F79EFBC}") = "Unity.VisualScripting.Core", "Unity.VisualScripting.Core.Player.csproj", "{7C317D32-2DBB-5816-0A0E-B2AF19AD1498}"
EndProject
Project("{FAE04EC0-301F-11D3-BF4B-00C04F79EFBC}") = "Assembly-CSharp", "Assembly-CSharp.Player.csproj", "{7F42757D-65DF-DBC5-B987-B582EBCD1641}"
EndProject
Project("{FAE04EC0-301F-11D3-BF4B-00C04F79EFBC}") = "Unity.VisualScripting.Flow", "Unity.VisualScripting.Flow.Player.csproj", "{7CD3353C-33D7-3E49-0FE9-9BC29C0A1690}"
EndProject
Project("{FAE04EC0-301F-11D3-BF4B-00C04F79EFBC}") = "Unity.TextMeshPro", "Unity.TextMeshPro.Player.csproj", "{86FB738C-C79D-5500-6C85-05B386783856}"
EndProject
Project("{FAE04EC0-301F-11D3-BF4B-00C04F79EFBC}") = "Unity.Timeline", "Unity.Timeline.Player.csproj", "{8FD5778B-500D-989F-9FAF-C13ECCCA59DB}"
EndProject
Global
	GlobalSection(SolutionConfigurationPlatforms) = preSolution
		Debug|Any CPU = Debug|Any CPU
		Release|Any CPU = Release|Any CPU
	EndGlobalSection
	GlobalSection(ProjectConfigurationPlatforms) = postSolution
		{759B9272-D645-384D-68A3-EED59E49B152}.Debug|Any CPU.ActiveCfg = Debug|Any CPU
		{759B9272-D645-384D-68A3-EED59E49B152}.Debug|Any CPU.Build.0 = Debug|Any CPU
		{759B9272-D645-384D-68A3-EED59E49B152}.Release|Any CPU.ActiveCfg = Release|Any CPU
		{759B9272-D645-384D-68A3-EED59E49B152}.Release|Any CPU.Build.0 = Release|Any CPU
		{2CBC0CC6-F4E9-7348-FAB9-AC45F126061B}.Debug|Any CPU.ActiveCfg = Debug|Any CPU
		{2CBC0CC6-F4E9-7348-FAB9-AC45F126061B}.Debug|Any CPU.Build.0 = Debug|Any CPU
		{2CBC0CC6-F4E9-7348-FAB9-AC45F126061B}.Release|Any CPU.ActiveCfg = Release|Any CPU
		{2CBC0CC6-F4E9-7348-FAB9-AC45F126061B}.Release|Any CPU.Build.0 = Release|Any CPU
		{6E7A7BEF-9AC4-D140-0D5E-EAB7B9853E70}.Debug|Any CPU.ActiveCfg = Debug|Any CPU
		{6E7A7BEF-9AC4-D140-0D5E-EAB7B9853E70}.Debug|Any CPU.Build.0 = Debug|Any CPU
		{6E7A7BEF-9AC4-D140-0D5E-EAB7B9853E70}.Release|Any CPU.ActiveCfg = Release|Any CPU
		{6E7A7BEF-9AC4-D140-0D5E-EAB7B9853E70}.Release|Any CPU.Build.0 = Release|Any CPU
		{DB499A7B-A33C-30AD-2F6E-7A583E9D37C5}.Debug|Any CPU.ActiveCfg = Debug|Any CPU
		{DB499A7B-A33C-30AD-2F6E-7A583E9D37C5}.Debug|Any CPU.Build.0 = Debug|Any CPU
		{DB499A7B-A33C-30AD-2F6E-7A583E9D37C5}.Release|Any CPU.ActiveCfg = Release|Any CPU
		{DB499A7B-A33C-30AD-2F6E-7A583E9D37C5}.Release|Any CPU.Build.0 = Release|Any CPU
		{B28D490F-C8FB-DC27-4518-4897919B415D}.Debug|Any CPU.ActiveCfg = Debug|Any CPU
		{B28D490F-C8FB-DC27-4518-4897919B415D}.Debug|Any CPU.Build.0 = Debug|Any CPU
		{B28D490F-C8FB-DC27-4518-4897919B415D}.Release|Any CPU.ActiveCfg = Release|Any CPU
		{B28D490F-C8FB-DC27-4518-4897919B415D}.Release|Any CPU.Build.0 = Release|Any CPU
		{C66F3462-8144-250C-6A30-6620F81CAEE9}.Debug|Any CPU.ActiveCfg = Debug|Any CPU
		{C66F3462-8144-250C-6A30-6620F81CAEE9}.Debug|Any CPU.Build.0 = Debug|Any CPU
		{C66F3462-8144-250C-6A30-6620F81CAEE9}.Release|Any CPU.ActiveCfg = Release|Any CPU
		{C66F3462-8144-250C-6A30-6620F81CAEE9}.Release|Any CPU.Build.0 = Release|Any CPU
		{7924BE76-BFEC-43BA-7FDF-58CA71A2A109}.Debug|Any CPU.ActiveCfg = Debug|Any CPU
		{7924BE76-BFEC-43BA-7FDF-58CA71A2A109}.Debug|Any CPU.Build.0 = Debug|Any CPU
		{7924BE76-BFEC-43BA-7FDF-58CA71A2A109}.Release|Any CPU.ActiveCfg = Release|Any CPU
		{7924BE76-BFEC-43BA-7FDF-58CA71A2A109}.Release|Any CPU.Build.0 = Release|Any CPU
		{1BD4917D-F883-51D2-707E-8607034E879F}.Debug|Any CPU.ActiveCfg = Debug|Any CPU
		{1BD4917D-F883-51D2-707E-8607034E879F}.Debug|Any CPU.Build.0 = Debug|Any CPU
		{1BD4917D-F883-51D2-707E-8607034E879F}.Release|Any CPU.ActiveCfg = Release|Any CPU
		{1BD4917D-F883-51D2-707E-8607034E879F}.Release|Any CPU.Build.0 = Release|Any CPU
		{D4D31019-60CD-8466-1757-FE26D703D57B}.Debug|Any CPU.ActiveCfg = Debug|Any CPU
		{D4D31019-60CD-8466-1757-FE26D703D57B}.Debug|Any CPU.Build.0 = Debug|Any CPU
		{D4D31019-60CD-8466-1757-FE26D703D57B}.Release|Any CPU.ActiveCfg = Release|Any CPU
		{D4D31019-60CD-8466-1757-FE26D703D57B}.Release|Any CPU.Build.0 = Release|Any CPU
		{F7A215CD-0674-67FB-493D-889E8A6F9F0C}.Debug|Any CPU.ActiveCfg = Debug|Any CPU
		{F7A215CD-0674-67FB-493D-889E8A6F9F0C}.Debug|Any CPU.Build.0 = Debug|Any CPU
		{F7A215CD-0674-67FB-493D-889E8A6F9F0C}.Release|Any CPU.ActiveCfg = Release|Any CPU
		{F7A215CD-0674-67FB-493D-889E8A6F9F0C}.Release|Any CPU.Build.0 = Release|Any CPU
		{060D6458-4436-8C1F-47A2-4ABC848EB658}.Debug|Any CPU.ActiveCfg = Debug|Any CPU
		{060D6458-4436-8C1F-47A2-4ABC848EB658}.Debug|Any CPU.Build.0 = Debug|Any CPU
		{060D6458-4436-8C1F-47A2-4ABC848EB658}.Release|Any CPU.ActiveCfg = Release|Any CPU
		{060D6458-4436-8C1F-47A2-4ABC848EB658}.Release|Any CPU.Build.0 = Release|Any CPU
		{3D74F5D4-1E52-4798-CB12-4381131EB9E8}.Debug|Any CPU.ActiveCfg = Debug|Any CPU
		{3D74F5D4-1E52-4798-CB12-4381131EB9E8}.Debug|Any CPU.Build.0 = Debug|Any CPU
		{3D74F5D4-1E52-4798-CB12-4381131EB9E8}.Release|Any CPU.ActiveCfg = Release|Any CPU
		{3D74F5D4-1E52-4798-CB12-4381131EB9E8}.Release|Any CPU.Build.0 = Release|Any CPU
		{0E9FCB93-909A-9EC2-A252-237A5BDF514E}.Debug|Any CPU.ActiveCfg = Debug|Any CPU
		{0E9FCB93-909A-9EC2-A252-237A5BDF514E}.Debug|Any CPU.Build.0 = Debug|Any CPU
		{0E9FCB93-909A-9EC2-A252-237A5BDF514E}.Release|Any CPU.ActiveCfg = Release|Any CPU
		{0E9FCB93-909A-9EC2-A252-237A5BDF514E}.Release|Any CPU.Build.0 = Release|Any CPU
		{B2040A88-76DB-A1F4-D044-3C5B2FED4E44}.Debug|Any CPU.ActiveCfg = Debug|Any CPU
		{B2040A88-76DB-A1F4-D044-3C5B2FED4E44}.Debug|Any CPU.Build.0 = Debug|Any CPU
		{B2040A88-76DB-A1F4-D044-3C5B2FED4E44}.Release|Any CPU.ActiveCfg = Release|Any CPU
		{B2040A88-76DB-A1F4-D044-3C5B2FED4E44}.Release|Any CPU.Build.0 = Release|Any CPU
		{F4E9EF22-854D-83C2-6E89-05D83E147845}.Debug|Any CPU.ActiveCfg = Debug|Any CPU
		{F4E9EF22-854D-83C2-6E89-05D83E147845}.Debug|Any CPU.Build.0 = Debug|Any CPU
		{F4E9EF22-854D-83C2-6E89-05D83E147845}.Release|Any CPU.ActiveCfg = Release|Any CPU
		{F4E9EF22-854D-83C2-6E89-05D83E147845}.Release|Any CPU.Build.0 = Release|Any CPU
		{650505BC-86AB-3E34-2D88-CBE4E7351094}.Debug|Any CPU.ActiveCfg = Debug|Any CPU
		{650505BC-86AB-3E34-2D88-CBE4E7351094}.Debug|Any CPU.Build.0 = Debug|Any CPU
		{650505BC-86AB-3E34-2D88-CBE4E7351094}.Release|Any CPU.ActiveCfg = Release|Any CPU
		{650505BC-86AB-3E34-2D88-CBE4E7351094}.Release|Any CPU.Build.0 = Release|Any CPU
		{1E7711DF-FF86-54D8-F173-BC7370943C04}.Debug|Any CPU.ActiveCfg = Debug|Any CPU
		{1E7711DF-FF86-54D8-F173-BC7370943C04}.Debug|Any CPU.Build.0 = Debug|Any CPU
		{1E7711DF-FF86-54D8-F173-BC7370943C04}.Release|Any CPU.ActiveCfg = Release|Any CPU
		{1E7711DF-FF86-54D8-F173-BC7370943C04}.Release|Any CPU.Build.0 = Release|Any CPU
		{3C37A9EB-3765-EC60-A31D-0EC0BB0274D1}.Debug|Any CPU.ActiveCfg = Debug|Any CPU
		{3C37A9EB-3765-EC60-A31D-0EC0BB0274D1}.Debug|Any CPU.Build.0 = Debug|Any CPU
		{3C37A9EB-3765-EC60-A31D-0EC0BB0274D1}.Release|Any CPU.ActiveCfg = Release|Any CPU
		{3C37A9EB-3765-EC60-A31D-0EC0BB0274D1}.Release|Any CPU.Build.0 = Release|Any CPU
		{731F8A79-D936-C563-A1C7-490A7C8C6FBF}.Debug|Any CPU.ActiveCfg = Debug|Any CPU
		{731F8A79-D936-C563-A1C7-490A7C8C6FBF}.Debug|Any CPU.Build.0 = Debug|Any CPU
		{731F8A79-D936-C563-A1C7-490A7C8C6FBF}.Release|Any CPU.ActiveCfg = Release|Any CPU
		{731F8A79-D936-C563-A1C7-490A7C8C6FBF}.Release|Any CPU.Build.0 = Release|Any CPU
		{6DB50C23-5569-F2BC-C5FC-6CEA87994E91}.Debug|Any CPU.ActiveCfg = Debug|Any CPU
		{6DB50C23-5569-F2BC-C5FC-6CEA87994E91}.Debug|Any CPU.Build.0 = Debug|Any CPU
		{6DB50C23-5569-F2BC-C5FC-6CEA87994E91}.Release|Any CPU.ActiveCfg = Release|Any CPU
		{6DB50C23-5569-F2BC-C5FC-6CEA87994E91}.Release|Any CPU.Build.0 = Release|Any CPU
		{32D2D666-184C-E98C-B66B-849331F2DBEB}.Debug|Any CPU.ActiveCfg = Debug|Any CPU
		{32D2D666-184C-E98C-B66B-849331F2DBEB}.Debug|Any CPU.Build.0 = Debug|Any CPU
		{32D2D666-184C-E98C-B66B-849331F2DBEB}.Release|Any CPU.ActiveCfg = Release|Any CPU
		{32D2D666-184C-E98C-B66B-849331F2DBEB}.Release|Any CPU.Build.0 = Release|Any CPU
		{879CAA25-9FBC-8295-99D4-B2EFAF11858E}.Debug|Any CPU.ActiveCfg = Debug|Any CPU
		{879CAA25-9FBC-8295-99D4-B2EFAF11858E}.Debug|Any CPU.Build.0 = Debug|Any CPU
		{879CAA25-9FBC-8295-99D4-B2EFAF11858E}.Release|Any CPU.ActiveCfg = Release|Any CPU
		{879CAA25-9FBC-8295-99D4-B2EFAF11858E}.Release|Any CPU.Build.0 = Release|Any CPU
		{EE4E90FD-8261-5A7A-EF19-DBBD9F6B4DF7}.Debug|Any CPU.ActiveCfg = Debug|Any CPU
		{EE4E90FD-8261-5A7A-EF19-DBBD9F6B4DF7}.Debug|Any CPU.Build.0 = Debug|Any CPU
		{EE4E90FD-8261-5A7A-EF19-DBBD9F6B4DF7}.Release|Any CPU.ActiveCfg = Release|Any CPU
		{EE4E90FD-8261-5A7A-EF19-DBBD9F6B4DF7}.Release|Any CPU.Build.0 = Release|Any CPU
		{F23F30FA-AD13-D396-59DD-79E65357FC74}.Debug|Any CPU.ActiveCfg = Debug|Any CPU
		{F23F30FA-AD13-D396-59DD-79E65357FC74}.Debug|Any CPU.Build.0 = Debug|Any CPU
		{F23F30FA-AD13-D396-59DD-79E65357FC74}.Release|Any CPU.ActiveCfg = Release|Any CPU
		{F23F30FA-AD13-D396-59DD-79E65357FC74}.Release|Any CPU.Build.0 = Release|Any CPU
		{2B6D24F3-1128-778B-C194-02A197124E93}.Debug|Any CPU.ActiveCfg = Debug|Any CPU
		{2B6D24F3-1128-778B-C194-02A197124E93}.Debug|Any CPU.Build.0 = Debug|Any CPU
		{2B6D24F3-1128-778B-C194-02A197124E93}.Release|Any CPU.ActiveCfg = Release|Any CPU
		{2B6D24F3-1128-778B-C194-02A197124E93}.Release|Any CPU.Build.0 = Release|Any CPU
		{7C317D32-2DBB-5816-0A0E-B2AF19AD1498}.Debug|Any CPU.ActiveCfg = Debug|Any CPU
		{7C317D32-2DBB-5816-0A0E-B2AF19AD1498}.Debug|Any CPU.Build.0 = Debug|Any CPU
		{7C317D32-2DBB-5816-0A0E-B2AF19AD1498}.Release|Any CPU.ActiveCfg = Release|Any CPU
		{7C317D32-2DBB-5816-0A0E-B2AF19AD1498}.Release|Any CPU.Build.0 = Release|Any CPU
		{7F42757D-65DF-DBC5-B987-B582EBCD1641}.Debug|Any CPU.ActiveCfg = Debug|Any CPU
		{7F42757D-65DF-DBC5-B987-B582EBCD1641}.Debug|Any CPU.Build.0 = Debug|Any CPU
		{7F42757D-65DF-DBC5-B987-B582EBCD1641}.Release|Any CPU.ActiveCfg = Release|Any CPU
		{7F42757D-65DF-DBC5-B987-B582EBCD1641}.Release|Any CPU.Build.0 = Release|Any CPU
		{7CD3353C-33D7-3E49-0FE9-9BC29C0A1690}.Debug|Any CPU.ActiveCfg = Debug|Any CPU
		{7CD3353C-33D7-3E49-0FE9-9BC29C0A1690}.Debug|Any CPU.Build.0 = Debug|Any CPU
		{7CD3353C-33D7-3E49-0FE9-9BC29C0A1690}.Release|Any CPU.ActiveCfg = Release|Any CPU
		{7CD3353C-33D7-3E49-0FE9-9BC29C0A1690}.Release|Any CPU.Build.0 = Release|Any CPU
		{86FB738C-C79D-5500-6C85-05B386783856}.Debug|Any CPU.ActiveCfg = Debug|Any CPU
		{86FB738C-C79D-5500-6C85-05B386783856}.Debug|Any CPU.Build.0 = Debug|Any CPU
		{86FB738C-C79D-5500-6C85-05B386783856}.Release|Any CPU.ActiveCfg = Release|Any CPU
		{86FB738C-C79D-5500-6C85-05B386783856}.Release|Any CPU.Build.0 = Release|Any CPU
		{8FD5778B-500D-989F-9FAF-C13ECCCA59DB}.Debug|Any CPU.ActiveCfg = Debug|Any CPU
		{8FD5778B-500D-989F-9FAF-C13ECCCA59DB}.Debug|Any CPU.Build.0 = Debug|Any CPU
		{8FD5778B-500D-989F-9FAF-C13ECCCA59DB}.Release|Any CPU.ActiveCfg = Release|Any CPU
		{8FD5778B-500D-989F-9FAF-C13ECCCA59DB}.Release|Any CPU.Build.0 = Release|Any CPU
	EndGlobalSection
	GlobalSection(SolutionProperties) = preSolution
		HideSolutionNode = FALSE
	EndGlobalSection
EndGlobal
